
Microsoft Visual Studio Solution File, Format Version 10.00
# Visual Studio 2008
Project("{FAE04EC0-301F-11D3-BF4B-00C04F79EFBC}") = "StringToXML", "StringToXML\StringToXML.csproj", "{5C0208D9-6B72-4625-9966-7A5BFC9E31AA}"
EndProject
Global
	GlobalSection(SolutionConfigurationPlatforms) = preSolution
		Debug|Any CPU = Debug|Any CPU
		Release|Any CPU = Release|Any CPU
	EndGlobalSection
	GlobalSection(ProjectConfigurationPlatforms) = postSolution
		{5C0208D9-6B72-4625-9966-7A5BFC9E31AA}.Debug|Any CPU.ActiveCfg = Debug|Any CPU
		{5C0208D9-6B72-4625-9966-7A5BFC9E31AA}.Debug|Any CPU.Build.0 = Debug|Any CPU
		{5C0208D9-6B72-4625-9966-7A5BFC9E31AA}.Release|Any CPU.ActiveCfg = Release|Any CPU
		{5C0208D9-6B72-4625-9966-7A5BFC9E31AA}.Release|Any CPU.Build.0 = Release|Any CPU
	EndGlobalSection
	GlobalSection(SolutionProperties) = preSolution
		HideSolutionNode = FALSE
	EndGlobalSection
EndGlobal
